
Microsoft Visual Studio Solution File, Format Version 12.00
# Visual Studio 15
VisualStudioVersion = 15.0.26730.15
MinimumVisualStudioVersion = 10.0.40219.1
Project("{FAE04EC0-301F-11D3-BF4B-00C04F79EFBC}") = "WebApiMessageEncryptAndDecrypt", "WebApiMessageEncryptAndDecrypt\WebApiMessageEncryptAndDecrypt.csproj", "{AFA51AEC-F53D-4518-B360-06855E738967}"
EndProject
Project("{FAE04EC0-301F-11D3-BF4B-00C04F79EFBC}") = "WebApiMessageEncryptAndDecrypt.Tests", "WebApiMessageEncryptAndDecrypt.Tests\WebApiMessageEncryptAndDecrypt.Tests.csproj", "{A22F6470-C0BF-4616-821E-ED310688E09E}"
EndProject
Global
	GlobalSection(SolutionConfigurationPlatforms) = preSolution
		Debug|Any CPU = Debug|Any CPU
		Release|Any CPU = Release|Any CPU
	EndGlobalSection
	GlobalSection(ProjectConfigurationPlatforms) = postSolution
		{AFA51AEC-F53D-4518-B360-06855E738967}.Debug|Any CPU.ActiveCfg = Debug|Any CPU
		{AFA51AEC-F53D-4518-B360-06855E738967}.Debug|Any CPU.Build.0 = Debug|Any CPU
		{AFA51AEC-F53D-4518-B360-06855E738967}.Release|Any CPU.ActiveCfg = Release|Any CPU
		{AFA51AEC-F53D-4518-B360-06855E738967}.Release|Any CPU.Build.0 = Release|Any CPU
		{A22F6470-C0BF-4616-821E-ED310688E09E}.Debug|Any CPU.ActiveCfg = Debug|Any CPU
		{A22F6470-C0BF-4616-821E-ED310688E09E}.Debug|Any CPU.Build.0 = Debug|Any CPU
		{A22F6470-C0BF-4616-821E-ED310688E09E}.Release|Any CPU.ActiveCfg = Release|Any CPU
		{A22F6470-C0BF-4616-821E-ED310688E09E}.Release|Any CPU.Build.0 = Release|Any CPU
	EndGlobalSection
	GlobalSection(SolutionProperties) = preSolution
		HideSolutionNode = FALSE
	EndGlobalSection
	GlobalSection(ExtensibilityGlobals) = postSolution
		SolutionGuid = {D4C0DBDB-6F70-45D3-98A5-24852E613D58}
	EndGlobalSection
EndGlobal
